
Microsoft Visual Studio Solution File, Format Version 12.00
# Visual Studio Version 17
VisualStudioVersion = 17.3.32929.385
MinimumVisualStudioVersion = 10.0.40219.1
Project("{8BC9CEB8-8B4A-11D0-8D11-00A0C91BC942}") = "gui", "gui\gui.vcxproj", "{5CC6EE67-11E8-4EA7-964E-B70F7EF01C19}"
EndProject
Project("{8BC9CEB8-8B4A-11D0-8D11-00A0C91BC942}") = "desktop", "desktop\desktop.vcxproj", "{A645183F-7363-4AE5-AD50-E9D98572D3D4}"
EndProject
Project("{8BC9CEB8-8B4A-11D0-8D11-00A0C91BC942}") = "utils", "Utils\Utils.vcxproj", "{1FE0E8F1-8374-4305-839B-E58433BA3A33}"
EndProject
Project("{8BC9CEB8-8B4A-11D0-8D11-00A0C91BC942}") = "test", "test\test.vcxproj", "{73BE0DDF-FA8D-46A1-A5C9-96F56ECBDF7C}"
EndProject
Project("{8BC9CEB8-8B4A-11D0-8D11-00A0C91BC942}") = "thread", "thread\thread.vcxproj", "{1DAD190B-9DD9-4D51-B856-BF9945CC6B64}"
EndProject
Project("{8BC9CEB8-8B4A-11D0-8D11-00A0C91BC942}") = "win_system", "winSystem\winSystem.vcxproj", "{19D37BBA-AE7F-4576-9870-683DB697E6EA}"
EndProject
Project("{8BC9CEB8-8B4A-11D0-8D11-00A0C91BC942}") = "rfb", "rfb\rfb.vcxproj", "{8C5A6104-F1C1-4E15-8BE0-F4AA9DD933F4}"
EndProject
Project("{8BC9CEB8-8B4A-11D0-8D11-00A0C91BC942}") = "region", "region\region.vcxproj", "{4B27C051-0568-4CD7-AA92-08E0F7467C80}"
EndProject
Project("{8BC9CEB8-8B4A-11D0-8D11-00A0C91BC942}") = "log_writer", "log_writer\log_writer.vcxproj", "{22F8A160-4D8F-4BD3-A758-5808579598BC}"
EndProject
Project("{8BC9CEB8-8B4A-11D0-8D11-00A0C91BC942}") = "io_lib", "io_lib\io_lib.vcxproj", "{74943783-0303-47F9-82F1-C4CE14D3E8B4}"
EndProject
Project("{8BC9CEB8-8B4A-11D0-8D11-00A0C91BC942}") = "vnc_server_app", "vnc_server_app\vnc_server_app.vcxproj", "{991C3E3C-CECB-4C91-B024-08E2ACED27E0}"
EndProject
Project("{8BC9CEB8-8B4A-11D0-8D11-00A0C91BC942}") = "fb_update_sender", "fb_update_sender\fb_update_sender.vcxproj", "{0750D1E5-CA5B-4597-B3EB-93FDA399313D}"
EndProject
Project("{8BC9CEB8-8B4A-11D0-8D11-00A0C91BC942}") = "network", "network\network.vcxproj", "{109D35E3-E689-48DB-AD4E-F9688E7A5C9C}"
EndProject
Project("{8BC9CEB8-8B4A-11D0-8D11-00A0C91BC942}") = "rfb_utils", "rfb_utils\rfb_utils.vcxproj", "{C5B9375D-89D8-466C-857D-6747965B5F70}"
EndProject
Project("{8BC9CEB8-8B4A-11D0-8D11-00A0C91BC942}") = "libjpeg", "libjpeg\libjpeg.vcxproj", "{EB62A3CE-19ED-4811-9FBB-1A2777041A65}"
EndProject
Project("{8BC9CEB8-8B4A-11D0-8D11-00A0C91BC942}") = "Zlib", "Zlib\Zlib.vcxproj", "{B56CCF90-068F-4A22-9B24-D8D6E877110C}"
EndProject
Project("{8BC9CEB8-8B4A-11D0-8D11-00A0C91BC942}") = "vnc_viewer", "vnc_viewer\vnc_viewer.vcxproj", "{2BBDE51A-94C8-443D-8C2E-11ECE5E5CE5D}"
EndProject
Project("{8BC9CEB8-8B4A-11D0-8D11-00A0C91BC942}") = "desktop_ipc", "desktop_ipc\desktop_ipc.vcxproj", "{C59BB783-EE7D-42F2-A903-A2A4284A2352}"
EndProject
Project("{8BC9CEB8-8B4A-11D0-8D11-00A0C91BC942}") = "server_config_lib", "server_config_lib\server_config_lib.vcxproj", "{BA0069E9-30B6-4881-861C-375F09443E64}"
EndProject
Project("{8BC9CEB8-8B4A-11D0-8D11-00A0C91BC942}") = "config_lib", "config_lib\config_lib.vcxproj", "{0774D1BD-CC34-4E3A-9833-5712CD796DED}"
EndProject
Project("{8BC9CEB8-8B4A-11D0-8D11-00A0C91BC942}") = "file_lib", "file_lib\file_lib.vcxproj", "{CB484ED0-13E2-4DFB-9480-979F9F742528}"
EndProject
Global
	GlobalSection(SolutionConfigurationPlatforms) = preSolution
		Debug|x64 = Debug|x64
		Debug|x86 = Debug|x86
		Release|x64 = Release|x64
		Release|x86 = Release|x86
	EndGlobalSection
	GlobalSection(ProjectConfigurationPlatforms) = postSolution
		{5CC6EE67-11E8-4EA7-964E-B70F7EF01C19}.Debug|x64.ActiveCfg = Debug|x64
		{5CC6EE67-11E8-4EA7-964E-B70F7EF01C19}.Debug|x64.Build.0 = Debug|x64
		{5CC6EE67-11E8-4EA7-964E-B70F7EF01C19}.Debug|x86.ActiveCfg = Debug|Win32
		{5CC6EE67-11E8-4EA7-964E-B70F7EF01C19}.Debug|x86.Build.0 = Debug|Win32
		{5CC6EE67-11E8-4EA7-964E-B70F7EF01C19}.Release|x64.ActiveCfg = Release|x64
		{5CC6EE67-11E8-4EA7-964E-B70F7EF01C19}.Release|x64.Build.0 = Release|x64
		{5CC6EE67-11E8-4EA7-964E-B70F7EF01C19}.Release|x86.ActiveCfg = Release|Win32
		{5CC6EE67-11E8-4EA7-964E-B70F7EF01C19}.Release|x86.Build.0 = Release|Win32
		{A645183F-7363-4AE5-AD50-E9D98572D3D4}.Debug|x64.ActiveCfg = Debug|x64
		{A645183F-7363-4AE5-AD50-E9D98572D3D4}.Debug|x64.Build.0 = Debug|x64
		{A645183F-7363-4AE5-AD50-E9D98572D3D4}.Debug|x86.ActiveCfg = Debug|Win32
		{A645183F-7363-4AE5-AD50-E9D98572D3D4}.Debug|x86.Build.0 = Debug|Win32
		{A645183F-7363-4AE5-AD50-E9D98572D3D4}.Release|x64.ActiveCfg = Release|x64
		{A645183F-7363-4AE5-AD50-E9D98572D3D4}.Release|x64.Build.0 = Release|x64
		{A645183F-7363-4AE5-AD50-E9D98572D3D4}.Release|x86.ActiveCfg = Release|Win32
		{A645183F-7363-4AE5-AD50-E9D98572D3D4}.Release|x86.Build.0 = Release|Win32
		{1FE0E8F1-8374-4305-839B-E58433BA3A33}.Debug|x64.ActiveCfg = Debug|x64
		{1FE0E8F1-8374-4305-839B-E58433BA3A33}.Debug|x64.Build.0 = Debug|x64
		{1FE0E8F1-8374-4305-839B-E58433BA3A33}.Debug|x86.ActiveCfg = Debug|Win32
		{1FE0E8F1-8374-4305-839B-E58433BA3A33}.Debug|x86.Build.0 = Debug|Win32
		{1FE0E8F1-8374-4305-839B-E58433BA3A33}.Release|x64.ActiveCfg = Release|x64
		{1FE0E8F1-8374-4305-839B-E58433BA3A33}.Release|x64.Build.0 = Release|x64
		{1FE0E8F1-8374-4305-839B-E58433BA3A33}.Release|x86.ActiveCfg = Release|Win32
		{1FE0E8F1-8374-4305-839B-E58433BA3A33}.Release|x86.Build.0 = Release|Win32
		{73BE0DDF-FA8D-46A1-A5C9-96F56ECBDF7C}.Debug|x64.ActiveCfg = Debug|x64
		{73BE0DDF-FA8D-46A1-A5C9-96F56ECBDF7C}.Debug|x64.Build.0 = Debug|x64
		{73BE0DDF-FA8D-46A1-A5C9-96F56ECBDF7C}.Debug|x86.ActiveCfg = Debug|Win32
		{73BE0DDF-FA8D-46A1-A5C9-96F56ECBDF7C}.Debug|x86.Build.0 = Debug|Win32
		{73BE0DDF-FA8D-46A1-A5C9-96F56ECBDF7C}.Release|x64.ActiveCfg = Release|x64
		{73BE0DDF-FA8D-46A1-A5C9-96F56ECBDF7C}.Release|x64.Build.0 = Release|x64
		{73BE0DDF-FA8D-46A1-A5C9-96F56ECBDF7C}.Release|x86.ActiveCfg = Release|Win32
		{73BE0DDF-FA8D-46A1-A5C9-96F56ECBDF7C}.Release|x86.Build.0 = Release|Win32
		{1DAD190B-9DD9-4D51-B856-BF9945CC6B64}.Debug|x64.ActiveCfg = Debug|x64
		{1DAD190B-9DD9-4D51-B856-BF9945CC6B64}.Debug|x64.Build.0 = Debug|x64
		{1DAD190B-9DD9-4D51-B856-BF9945CC6B64}.Debug|x86.ActiveCfg = Debug|Win32
		{1DAD190B-9DD9-4D51-B856-BF9945CC6B64}.Debug|x86.Build.0 = Debug|Win32
		{1DAD190B-9DD9-4D51-B856-BF9945CC6B64}.Release|x64.ActiveCfg = Release|x64
		{1DAD190B-9DD9-4D51-B856-BF9945CC6B64}.Release|x64.Build.0 = Release|x64
		{1DAD190B-9DD9-4D51-B856-BF9945CC6B64}.Release|x86.ActiveCfg = Release|Win32
		{1DAD190B-9DD9-4D51-B856-BF9945CC6B64}.Release|x86.Build.0 = Release|Win32
		{19D37BBA-AE7F-4576-9870-683DB697E6EA}.Debug|x64.ActiveCfg = Debug|x64
		{19D37BBA-AE7F-4576-9870-683DB697E6EA}.Debug|x64.Build.0 = Debug|x64
		{19D37BBA-AE7F-4576-9870-683DB697E6EA}.Debug|x86.ActiveCfg = Debug|Win32
		{19D37BBA-AE7F-4576-9870-683DB697E6EA}.Debug|x86.Build.0 = Debug|Win32
		{19D37BBA-AE7F-4576-9870-683DB697E6EA}.Release|x64.ActiveCfg = Release|x64
		{19D37BBA-AE7F-4576-9870-683DB697E6EA}.Release|x64.Build.0 = Release|x64
		{19D37BBA-AE7F-4576-9870-683DB697E6EA}.Release|x86.ActiveCfg = Release|Win32
		{19D37BBA-AE7F-4576-9870-683DB697E6EA}.Release|x86.Build.0 = Release|Win32
		{8C5A6104-F1C1-4E15-8BE0-F4AA9DD933F4}.Debug|x64.ActiveCfg = Debug|x64
		{8C5A6104-F1C1-4E15-8BE0-F4AA9DD933F4}.Debug|x64.Build.0 = Debug|x64
		{8C5A6104-F1C1-4E15-8BE0-F4AA9DD933F4}.Debug|x86.ActiveCfg = Debug|Win32
		{8C5A6104-F1C1-4E15-8BE0-F4AA9DD933F4}.Debug|x86.Build.0 = Debug|Win32
		{8C5A6104-F1C1-4E15-8BE0-F4AA9DD933F4}.Release|x64.ActiveCfg = Release|x64
		{8C5A6104-F1C1-4E15-8BE0-F4AA9DD933F4}.Release|x64.Build.0 = Release|x64
		{8C5A6104-F1C1-4E15-8BE0-F4AA9DD933F4}.Release|x86.ActiveCfg = Release|Win32
		{8C5A6104-F1C1-4E15-8BE0-F4AA9DD933F4}.Release|x86.Build.0 = Release|Win32
		{4B27C051-0568-4CD7-AA92-08E0F7467C80}.Debug|x64.ActiveCfg = Debug|x64
		{4B27C051-0568-4CD7-AA92-08E0F7467C80}.Debug|x64.Build.0 = Debug|x64
		{4B27C051-0568-4CD7-AA92-08E0F7467C80}.Debug|x86.ActiveCfg = Debug|Win32
		{4B27C051-0568-4CD7-AA92-08E0F7467C80}.Debug|x86.Build.0 = Debug|Win32
		{4B27C051-0568-4CD7-AA92-08E0F7467C80}.Release|x64.ActiveCfg = Release|x64
		{4B27C051-0568-4CD7-AA92-08E0F7467C80}.Release|x64.Build.0 = Release|x64
		{4B27C051-0568-4CD7-AA92-08E0F7467C80}.Release|x86.ActiveCfg = Release|Win32
		{4B27C051-0568-4CD7-AA92-08E0F7467C80}.Release|x86.Build.0 = Release|Win32
		{22F8A160-4D8F-4BD3-A758-5808579598BC}.Debug|x64.ActiveCfg = Debug|x64
		{22F8A160-4D8F-4BD3-A758-5808579598BC}.Debug|x64.Build.0 = Debug|x64
		{22F8A160-4D8F-4BD3-A758-5808579598BC}.Debug|x86.ActiveCfg = Debug|Win32
		{22F8A160-4D8F-4BD3-A758-5808579598BC}.Debug|x86.Build.0 = Debug|Win32
		{22F8A160-4D8F-4BD3-A758-5808579598BC}.Release|x64.ActiveCfg = Release|x64
		{22F8A160-4D8F-4BD3-A758-5808579598BC}.Release|x64.Build.0 = Release|x64
		{22F8A160-4D8F-4BD3-A758-5808579598BC}.Release|x86.ActiveCfg = Release|Win32
		{22F8A160-4D8F-4BD3-A758-5808579598BC}.Release|x86.Build.0 = Release|Win32
		{74943783-0303-47F9-82F1-C4CE14D3E8B4}.Debug|x64.ActiveCfg = Debug|x64
		{74943783-0303-47F9-82F1-C4CE14D3E8B4}.Debug|x64.Build.0 = Debug|x64
		{74943783-0303-47F9-82F1-C4CE14D3E8B4}.Debug|x86.ActiveCfg = Debug|Win32
		{74943783-0303-47F9-82F1-C4CE14D3E8B4}.Debug|x86.Build.0 = Debug|Win32
		{74943783-0303-47F9-82F1-C4CE14D3E8B4}.Release|x64.ActiveCfg = Release|x64
		{74943783-0303-47F9-82F1-C4CE14D3E8B4}.Release|x64.Build.0 = Release|x64
		{74943783-0303-47F9-82F1-C4CE14D3E8B4}.Release|x86.ActiveCfg = Release|Win32
		{74943783-0303-47F9-82F1-C4CE14D3E8B4}.Release|x86.Build.0 = Release|Win32
		{991C3E3C-CECB-4C91-B024-08E2ACED27E0}.Debug|x64.ActiveCfg = Debug|x64
		{991C3E3C-CECB-4C91-B024-08E2ACED27E0}.Debug|x64.Build.0 = Debug|x64
		{991C3E3C-CECB-4C91-B024-08E2ACED27E0}.Debug|x86.ActiveCfg = Debug|Win32
		{991C3E3C-CECB-4C91-B024-08E2ACED27E0}.Debug|x86.Build.0 = Debug|Win32
		{991C3E3C-CECB-4C91-B024-08E2ACED27E0}.Release|x64.ActiveCfg = Release|x64
		{991C3E3C-CECB-4C91-B024-08E2ACED27E0}.Release|x64.Build.0 = Release|x64
		{991C3E3C-CECB-4C91-B024-08E2ACED27E0}.Release|x86.ActiveCfg = Release|Win32
		{991C3E3C-CECB-4C91-B024-08E2ACED27E0}.Release|x86.Build.0 = Release|Win32
		{0750D1E5-CA5B-4597-B3EB-93FDA399313D}.Debug|x64.ActiveCfg = Debug|x64
		{0750D1E5-CA5B-4597-B3EB-93FDA399313D}.Debug|x64.Build.0 = Debug|x64
		{0750D1E5-CA5B-4597-B3EB-93FDA399313D}.Debug|x86.ActiveCfg = Debug|Win32
		{0750D1E5-CA5B-4597-B3EB-93FDA399313D}.Debug|x86.Build.0 = Debug|Win32
		{0750D1E5-CA5B-4597-B3EB-93FDA399313D}.Release|x64.ActiveCfg = Release|x64
		{0750D1E5-CA5B-4597-B3EB-93FDA399313D}.Release|x64.Build.0 = Release|x64
		{0750D1E5-CA5B-4597-B3EB-93FDA399313D}.Release|x86.ActiveCfg = Release|Win32
		{0750D1E5-CA5B-4597-B3EB-93FDA399313D}.Release|x86.Build.0 = Release|Win32
		{109D35E3-E689-48DB-AD4E-F9688E7A5C9C}.Debug|x64.ActiveCfg = Debug|x64
		{109D35E3-E689-48DB-AD4E-F9688E7A5C9C}.Debug|x64.Build.0 = Debug|x64
		{109D35E3-E689-48DB-AD4E-F9688E7A5C9C}.Debug|x86.ActiveCfg = Debug|Win32
		{109D35E3-E689-48DB-AD4E-F9688E7A5C9C}.Debug|x86.Build.0 = Debug|Win32
		{109D35E3-E689-48DB-AD4E-F9688E7A5C9C}.Release|x64.ActiveCfg = Release|x64
		{109D35E3-E689-48DB-AD4E-F9688E7A5C9C}.Release|x64.Build.0 = Release|x64
		{109D35E3-E689-48DB-AD4E-F9688E7A5C9C}.Release|x86.ActiveCfg = Release|Win32
		{109D35E3-E689-48DB-AD4E-F9688E7A5C9C}.Release|x86.Build.0 = Release|Win32
		{C5B9375D-89D8-466C-857D-6747965B5F70}.Debug|x64.ActiveCfg = Debug|x64
		{C5B9375D-89D8-466C-857D-6747965B5F70}.Debug|x64.Build.0 = Debug|x64
		{C5B9375D-89D8-466C-857D-6747965B5F70}.Debug|x86.ActiveCfg = Debug|Win32
		{C5B9375D-89D8-466C-857D-6747965B5F70}.Debug|x86.Build.0 = Debug|Win32
		{C5B9375D-89D8-466C-857D-6747965B5F70}.Release|x64.ActiveCfg = Release|x64
		{C5B9375D-89D8-466C-857D-6747965B5F70}.Release|x64.Build.0 = Release|x64
		{C5B9375D-89D8-466C-857D-6747965B5F70}.Release|x86.ActiveCfg = Release|Win32
		{C5B9375D-89D8-466C-857D-6747965B5F70}.Release|x86.Build.0 = Release|Win32
		{EB62A3CE-19ED-4811-9FBB-1A2777041A65}.Debug|x64.ActiveCfg = Debug|x64
		{EB62A3CE-19ED-4811-9FBB-1A2777041A65}.Debug|x64.Build.0 = Debug|x64
		{EB62A3CE-19ED-4811-9FBB-1A2777041A65}.Debug|x86.ActiveCfg = Debug|Win32
		{EB62A3CE-19ED-4811-9FBB-1A2777041A65}.Debug|x86.Build.0 = Debug|Win32
		{EB62A3CE-19ED-4811-9FBB-1A2777041A65}.Release|x64.ActiveCfg = Release|x64
		{EB62A3CE-19ED-4811-9FBB-1A2777041A65}.Release|x64.Build.0 = Release|x64
		{EB62A3CE-19ED-4811-9FBB-1A2777041A65}.Release|x86.ActiveCfg = Release|Win32
		{EB62A3CE-19ED-4811-9FBB-1A2777041A65}.Release|x86.Build.0 = Release|Win32
		{B56CCF90-068F-4A22-9B24-D8D6E877110C}.Debug|x64.ActiveCfg = Debug|x64
		{B56CCF90-068F-4A22-9B24-D8D6E877110C}.Debug|x64.Build.0 = Debug|x64
		{B56CCF90-068F-4A22-9B24-D8D6E877110C}.Debug|x86.ActiveCfg = Debug|Win32
		{B56CCF90-068F-4A22-9B24-D8D6E877110C}.Debug|x86.Build.0 = Debug|Win32
		{B56CCF90-068F-4A22-9B24-D8D6E877110C}.Release|x64.ActiveCfg = Release|x64
		{B56CCF90-068F-4A22-9B24-D8D6E877110C}.Release|x64.Build.0 = Release|x64
		{B56CCF90-068F-4A22-9B24-D8D6E877110C}.Release|x86.ActiveCfg = Release|Win32
		{B56CCF90-068F-4A22-9B24-D8D6E877110C}.Release|x86.Build.0 = Release|Win32
		{2BBDE51A-94C8-443D-8C2E-11ECE5E5CE5D}.Debug|x64.ActiveCfg = Debug|x64
		{2BBDE51A-94C8-443D-8C2E-11ECE5E5CE5D}.Debug|x64.Build.0 = Debug|x64
		{2BBDE51A-94C8-443D-8C2E-11ECE5E5CE5D}.Debug|x86.ActiveCfg = Debug|Win32
		{2BBDE51A-94C8-443D-8C2E-11ECE5E5CE5D}.Debug|x86.Build.0 = Debug|Win32
		{2BBDE51A-94C8-443D-8C2E-11ECE5E5CE5D}.Release|x64.ActiveCfg = Release|x64
		{2BBDE51A-94C8-443D-8C2E-11ECE5E5CE5D}.Release|x64.Build.0 = Release|x64
		{2BBDE51A-94C8-443D-8C2E-11ECE5E5CE5D}.Release|x86.ActiveCfg = Release|Win32
		{2BBDE51A-94C8-443D-8C2E-11ECE5E5CE5D}.Release|x86.Build.0 = Release|Win32
		{C59BB783-EE7D-42F2-A903-A2A4284A2352}.Debug|x64.ActiveCfg = Debug|x64
		{C59BB783-EE7D-42F2-A903-A2A4284A2352}.Debug|x64.Build.0 = Debug|x64
		{C59BB783-EE7D-42F2-A903-A2A4284A2352}.Debug|x86.ActiveCfg = Debug|Win32
		{C59BB783-EE7D-42F2-A903-A2A4284A2352}.Debug|x86.Build.0 = Debug|Win32
		{C59BB783-EE7D-42F2-A903-A2A4284A2352}.Release|x64.ActiveCfg = Release|x64
		{C59BB783-EE7D-42F2-A903-A2A4284A2352}.Release|x64.Build.0 = Release|x64
		{C59BB783-EE7D-42F2-A903-A2A4284A2352}.Release|x86.ActiveCfg = Release|Win32
		{C59BB783-EE7D-42F2-A903-A2A4284A2352}.Release|x86.Build.0 = Release|Win32
		{BA0069E9-30B6-4881-861C-375F09443E64}.Debug|x64.ActiveCfg = Debug|x64
		{BA0069E9-30B6-4881-861C-375F09443E64}.Debug|x64.Build.0 = Debug|x64
		{BA0069E9-30B6-4881-861C-375F09443E64}.Debug|x86.ActiveCfg = Debug|Win32
		{BA0069E9-30B6-4881-861C-375F09443E64}.Debug|x86.Build.0 = Debug|Win32
		{BA0069E9-30B6-4881-861C-375F09443E64}.Release|x64.ActiveCfg = Release|x64
		{BA0069E9-30B6-4881-861C-375F09443E64}.Release|x64.Build.0 = Release|x64
		{BA0069E9-30B6-4881-861C-375F09443E64}.Release|x86.ActiveCfg = Release|Win32
		{BA0069E9-30B6-4881-861C-375F09443E64}.Release|x86.Build.0 = Release|Win32
		{0774D1BD-CC34-4E3A-9833-5712CD796DED}.Debug|x64.ActiveCfg = Debug|x64
		{0774D1BD-CC34-4E3A-9833-5712CD796DED}.Debug|x64.Build.0 = Debug|x64
		{0774D1BD-CC34-4E3A-9833-5712CD796DED}.Debug|x86.ActiveCfg = Debug|Win32
		{0774D1BD-CC34-4E3A-9833-5712CD796DED}.Debug|x86.Build.0 = Debug|Win32
		{0774D1BD-CC34-4E3A-9833-5712CD796DED}.Release|x64.ActiveCfg = Release|x64
		{0774D1BD-CC34-4E3A-9833-5712CD796DED}.Release|x64.Build.0 = Release|x64
		{0774D1BD-CC34-4E3A-9833-5712CD796DED}.Release|x86.ActiveCfg = Release|Win32
		{0774D1BD-CC34-4E3A-9833-5712CD796DED}.Release|x86.Build.0 = Release|Win32
		{CB484ED0-13E2-4DFB-9480-979F9F742528}.Debug|x64.ActiveCfg = Debug|x64
		{CB484ED0-13E2-4DFB-9480-979F9F742528}.Debug|x64.Build.0 = Debug|x64
		{CB484ED0-13E2-4DFB-9480-979F9F742528}.Debug|x86.ActiveCfg = Debug|Win32
		{CB484ED0-13E2-4DFB-9480-979F9F742528}.Debug|x86.Build.0 = Debug|Win32
		{CB484ED0-13E2-4DFB-9480-979F9F742528}.Release|x64.ActiveCfg = Release|x64
		{CB484ED0-13E2-4DFB-9480-979F9F742528}.Release|x64.Build.0 = Release|x64
		{CB484ED0-13E2-4DFB-9480-979F9F742528}.Release|x86.ActiveCfg = Release|Win32
		{CB484ED0-13E2-4DFB-9480-979F9F742528}.Release|x86.Build.0 = Release|Win32
	EndGlobalSection
	GlobalSection(SolutionProperties) = preSolution
		HideSolutionNode = FALSE
	EndGlobalSection
	GlobalSection(ExtensibilityGlobals) = postSolution
		SolutionGuid = {77AC078B-063B-42B2-A25C-AA98770ED6E8}
	EndGlobalSection
EndGlobal
